// !$*UTF8*$!
{
	archiveVersion = 1;
	classes = {
	};
	objectVersion = 50;
	objects = {

/* Begin PBXBuildFile section */
		2358914022B9C18E00E0508A /* TestCollectionModel.m in Sources */ = {isa = PBXBuildFile; fileRef = 2358913F22B9C18E00E0508A /* TestCollectionModel.m */; };
		2358914422B9CBF500E0508A /* TestCollectionNibCell.m in Sources */ = {isa = PBXBuildFile; fileRef = 2358914222B9CBF500E0508A /* TestCollectionNibCell.m */; };
		2358914522B9CBF500E0508A /* TestCollectionNibCell.xib in Resources */ = {isa = PBXBuildFile; fileRef = 2358914322B9CBF500E0508A /* TestCollectionNibCell.xib */; };
		2358914922BA0C1A00E0508A /* TestTableNibCellConfig.m in Sources */ = {isa = PBXBuildFile; fileRef = 2358914822BA0C1A00E0508A /* TestTableNibCellConfig.m */; };
		2358915122BA145200E0508A /* TestMVVMController.m in Sources */ = {isa = PBXBuildFile; fileRef = 2358915022BA145200E0508A /* TestMVVMController.m */; };
		2358915A22BA1C8300E0508A /* TestMVVMOneCell.m in Sources */ = {isa = PBXBuildFile; fileRef = 2358915822BA1C8300E0508A /* TestMVVMOneCell.m */; };
		2358915B22BA1C8300E0508A /* TestMVVMOneCell.xib in Resources */ = {isa = PBXBuildFile; fileRef = 2358915922BA1C8300E0508A /* TestMVVMOneCell.xib */; };
		2358915F22BA1C9000E0508A /* TestMVVMTwoCell.m in Sources */ = {isa = PBXBuildFile; fileRef = 2358915D22BA1C9000E0508A /* TestMVVMTwoCell.m */; };
		2358916022BA1C9000E0508A /* TestMVVMTwoCell.xib in Resources */ = {isa = PBXBuildFile; fileRef = 2358915E22BA1C9000E0508A /* TestMVVMTwoCell.xib */; };
		2358916422BA1CB100E0508A /* TestMVVMThreeCell.m in Sources */ = {isa = PBXBuildFile; fileRef = 2358916222BA1CB100E0508A /* TestMVVMThreeCell.m */; };
		2358916522BA1CB100E0508A /* TestMVVMThreeCell.xib in Resources */ = {isa = PBXBuildFile; fileRef = 2358916322BA1CB100E0508A /* TestMVVMThreeCell.xib */; };
		2358916B22BA1D8700E0508A /* TestMVVMOneCellViewModel.m in Sources */ = {isa = PBXBuildFile; fileRef = 2358916A22BA1D8700E0508A /* TestMVVMOneCellViewModel.m */; };
		2358916E22BA1D9B00E0508A /* TestMVVMTwoCellViewModel.m in Sources */ = {isa = PBXBuildFile; fileRef = 2358916D22BA1D9B00E0508A /* TestMVVMTwoCellViewModel.m */; };
		2358917122BA1DBF00E0508A /* TestMVVMThreeCellViewModel.m in Sources */ = {isa = PBXBuildFile; fileRef = 2358917022BA1DBF00E0508A /* TestMVVMThreeCellViewModel.m */; };
		2358917422BA1E9D00E0508A /* TestMVVMControllerViewModel.m in Sources */ = {isa = PBXBuildFile; fileRef = 2358917322BA1E9D00E0508A /* TestMVVMControllerViewModel.m */; };
		2358917822BA2DBD00E0508A /* TestMVVMModel.m in Sources */ = {isa = PBXBuildFile; fileRef = 2358917722BA2DBD00E0508A /* TestMVVMModel.m */; };
		2358917A22BA304800E0508A /* TestMVVM.plist in Resources */ = {isa = PBXBuildFile; fileRef = 2358917922BA304800E0508A /* TestMVVM.plist */; };
		2358919B22BA87D300E0508A /* YBHandyCollectionIMP.m in Sources */ = {isa = PBXBuildFile; fileRef = 2358917F22BA87D200E0508A /* YBHandyCollectionIMP.m */; };
		2358919C22BA87D300E0508A /* YBHCollectionCellConfig.m in Sources */ = {isa = PBXBuildFile; fileRef = 2358918222BA87D200E0508A /* YBHCollectionCellConfig.m */; };
		2358919D22BA87D300E0508A /* YBHCollectionHeaderFooterConfig.m in Sources */ = {isa = PBXBuildFile; fileRef = 2358918522BA87D200E0508A /* YBHCollectionHeaderFooterConfig.m */; };
		2358919E22BA87D300E0508A /* UICollectionView+YBHandyList.m in Sources */ = {isa = PBXBuildFile; fileRef = 2358918822BA87D200E0508A /* UICollectionView+YBHandyList.m */; };
		2358919F22BA87D300E0508A /* YBHCollectionSection.m in Sources */ = {isa = PBXBuildFile; fileRef = 2358918A22BA87D200E0508A /* YBHCollectionSection.m */; };
		235891A022BA87D300E0508A /* YBHandyTableIMP.m in Sources */ = {isa = PBXBuildFile; fileRef = 2358918F22BA87D200E0508A /* YBHandyTableIMP.m */; };
		235891A122BA87D300E0508A /* YBHTableCellConfig.m in Sources */ = {isa = PBXBuildFile; fileRef = 2358919222BA87D200E0508A /* YBHTableCellConfig.m */; };
		235891A222BA87D300E0508A /* YBHTableHeaderFooterConfig.m in Sources */ = {isa = PBXBuildFile; fileRef = 2358919522BA87D200E0508A /* YBHTableHeaderFooterConfig.m */; };
		235891A322BA87D300E0508A /* UITableView+YBHandyList.m in Sources */ = {isa = PBXBuildFile; fileRef = 2358919822BA87D200E0508A /* UITableView+YBHandyList.m */; };
		235891A422BA87D300E0508A /* YBHTableSection.m in Sources */ = {isa = PBXBuildFile; fileRef = 2358919A22BA87D300E0508A /* YBHTableSection.m */; };
		235A7C0722B8732900159B0F /* AppDelegate.m in Sources */ = {isa = PBXBuildFile; fileRef = 235A7C0622B8732900159B0F /* AppDelegate.m */; };
		235A7C0D22B8732900159B0F /* Main.storyboard in Resources */ = {isa = PBXBuildFile; fileRef = 235A7C0B22B8732900159B0F /* Main.storyboard */; };
		235A7C0F22B8732A00159B0F /* Assets.xcassets in Resources */ = {isa = PBXBuildFile; fileRef = 235A7C0E22B8732A00159B0F /* Assets.xcassets */; };
		235A7C1222B8732A00159B0F /* LaunchScreen.storyboard in Resources */ = {isa = PBXBuildFile; fileRef = 235A7C1022B8732A00159B0F /* LaunchScreen.storyboard */; };
		235A7C1522B8732A00159B0F /* main.m in Sources */ = {isa = PBXBuildFile; fileRef = 235A7C1422B8732A00159B0F /* main.m */; };
		235A7C1F22B8732A00159B0F /* YBHandyListDemoTests.m in Sources */ = {isa = PBXBuildFile; fileRef = 235A7C1E22B8732A00159B0F /* YBHandyListDemoTests.m */; };
		235A7C2A22B8732A00159B0F /* YBHandyListDemoUITests.m in Sources */ = {isa = PBXBuildFile; fileRef = 235A7C2922B8732A00159B0F /* YBHandyListDemoUITests.m */; };
		235A7C8422B8BBF300159B0F /* TestCollectionController.m in Sources */ = {isa = PBXBuildFile; fileRef = 235A7C8222B8BBF300159B0F /* TestCollectionController.m */; };
		235A7C8E22B8BC0B00159B0F /* TestTableModel.m in Sources */ = {isa = PBXBuildFile; fileRef = 235A7C8722B8BC0B00159B0F /* TestTableModel.m */; };
		235A7C8F22B8BC0B00159B0F /* TestTableCell.m in Sources */ = {isa = PBXBuildFile; fileRef = 235A7C8A22B8BC0B00159B0F /* TestTableCell.m */; };
		235A7C9022B8BC0B00159B0F /* TestTableController.m in Sources */ = {isa = PBXBuildFile; fileRef = 235A7C8D22B8BC0B00159B0F /* TestTableController.m */; };
		235A7C9522B8BD3E00159B0F /* MainViewController.m in Sources */ = {isa = PBXBuildFile; fileRef = 235A7C9222B8BD3E00159B0F /* MainViewController.m */; };
		235A7C9622B8BD3E00159B0F /* MainViewController.xib in Resources */ = {isa = PBXBuildFile; fileRef = 235A7C9322B8BD3E00159B0F /* MainViewController.xib */; };
		235A7CAB22B8E84700159B0F /* TestTableNibCell.m in Sources */ = {isa = PBXBuildFile; fileRef = 235A7CA922B8E84700159B0F /* TestTableNibCell.m */; };
		235A7CAC22B8E84700159B0F /* TestTableNibCell.xib in Resources */ = {isa = PBXBuildFile; fileRef = 235A7CAA22B8E84700159B0F /* TestTableNibCell.xib */; };
		235A7CAF22B8EB2E00159B0F /* TestTableNibHeader.m in Sources */ = {isa = PBXBuildFile; fileRef = 235A7CAE22B8EB2E00159B0F /* TestTableNibHeader.m */; };
		235A7CB122B8EB3700159B0F /* TestTableNibHeader.xib in Resources */ = {isa = PBXBuildFile; fileRef = 235A7CB022B8EB3700159B0F /* TestTableNibHeader.xib */; };
/* End PBXBuildFile section */

/* Begin PBXContainerItemProxy section */
		235A7C1B22B8732A00159B0F /* PBXContainerItemProxy */ = {
			isa = PBXContainerItemProxy;
			containerPortal = 235A7BFA22B8732900159B0F /* Project object */;
			proxyType = 1;
			remoteGlobalIDString = 235A7C0122B8732900159B0F;
			remoteInfo = YBHandyListDemo;
		};
		235A7C2622B8732A00159B0F /* PBXContainerItemProxy */ = {
			isa = PBXContainerItemProxy;
			containerPortal = 235A7BFA22B8732900159B0F /* Project object */;
			proxyType = 1;
			remoteGlobalIDString = 235A7C0122B8732900159B0F;
			remoteInfo = YBHandyListDemo;
		};
/* End PBXContainerItemProxy section */

/* Begin PBXFileReference section */
		2358913E22B9C18E00E0508A /* TestCollectionModel.h */ = {isa = PBXFileReference; lastKnownFileType = sourcecode.c.h; path = TestCollectionModel.h; sourceTree = "<group>"; };
		2358913F22B9C18E00E0508A /* TestCollectionModel.m */ = {isa = PBXFileReference; lastKnownFileType = sourcecode.c.objc; path = TestCollectionModel.m; sourceTree = "<group>"; };
		2358914122B9CBF500E0508A /* TestCollectionNibCell.h */ = {isa = PBXFileReference; lastKnownFileType = sourcecode.c.h; path = TestCollectionNibCell.h; sourceTree = "<group>"; };
		2358914222B9CBF500E0508A /* TestCollectionNibCell.m */ = {isa = PBXFileReference; lastKnownFileType = sourcecode.c.objc; path = TestCollectionNibCell.m; sourceTree = "<group>"; };
		2358914322B9CBF500E0508A /* TestCollectionNibCell.xib */ = {isa = PBXFileReference; lastKnownFileType = file.xib; path = TestCollectionNibCell.xib; sourceTree = "<group>"; };
		2358914722BA0C1A00E0508A /* TestTableNibCellConfig.h */ = {isa = PBXFileReference; lastKnownFileType = sourcecode.c.h; path = TestTableNibCellConfig.h; sourceTree = "<group>"; };
		2358914822BA0C1A00E0508A /* TestTableNibCellConfig.m */ = {isa = PBXFileReference; lastKnownFileType = sourcecode.c.objc; path = TestTableNibCellConfig.m; sourceTree = "<group>"; };
		2358914F22BA145200E0508A /* TestMVVMController.h */ = {isa = PBXFileReference; lastKnownFileType = sourcecode.c.h; path = TestMVVMController.h; sourceTree = "<group>"; };
		2358915022BA145200E0508A /* TestMVVMController.m */ = {isa = PBXFileReference; lastKnownFileType = sourcecode.c.objc; path = TestMVVMController.m; sourceTree = "<group>"; };
		2358915722BA1C8300E0508A /* TestMVVMOneCell.h */ = {isa = PBXFileReference; lastKnownFileType = sourcecode.c.h; path = TestMVVMOneCell.h; sourceTree = "<group>"; };
		2358915822BA1C8300E0508A /* TestMVVMOneCell.m */ = {isa = PBXFileReference; lastKnownFileType = sourcecode.c.objc; path = TestMVVMOneCell.m; sourceTree = "<group>"; };
		2358915922BA1C8300E0508A /* TestMVVMOneCell.xib */ = {isa = PBXFileReference; lastKnownFileType = file.xib; path = TestMVVMOneCell.xib; sourceTree = "<group>"; };
		2358915C22BA1C9000E0508A /* TestMVVMTwoCell.h */ = {isa = PBXFileReference; lastKnownFileType = sourcecode.c.h; path = TestMVVMTwoCell.h; sourceTree = "<group>"; };
		2358915D22BA1C9000E0508A /* TestMVVMTwoCell.m */ = {isa = PBXFileReference; lastKnownFileType = sourcecode.c.objc; path = TestMVVMTwoCell.m; sourceTree = "<group>"; };
		2358915E22BA1C9000E0508A /* TestMVVMTwoCell.xib */ = {isa = PBXFileReference; lastKnownFileType = file.xib; path = TestMVVMTwoCell.xib; sourceTree = "<group>"; };
		2358916122BA1CB100E0508A /* TestMVVMThreeCell.h */ = {isa = PBXFileReference; lastKnownFileType = sourcecode.c.h; path = TestMVVMThreeCell.h; sourceTree = "<group>"; };
		2358916222BA1CB100E0508A /* TestMVVMThreeCell.m */ = {isa = PBXFileReference; lastKnownFileType = sourcecode.c.objc; path = TestMVVMThreeCell.m; sourceTree = "<group>"; };
		2358916322BA1CB100E0508A /* TestMVVMThreeCell.xib */ = {isa = PBXFileReference; lastKnownFileType = file.xib; path = TestMVVMThreeCell.xib; sourceTree = "<group>"; };
		2358916922BA1D8700E0508A /* TestMVVMOneCellViewModel.h */ = {isa = PBXFileReference; lastKnownFileType = sourcecode.c.h; path = TestMVVMOneCellViewModel.h; sourceTree = "<group>"; };
		2358916A22BA1D8700E0508A /* TestMVVMOneCellViewModel.m */ = {isa = PBXFileReference; lastKnownFileType = sourcecode.c.objc; path = TestMVVMOneCellViewModel.m; sourceTree = "<group>"; };
		2358916C22BA1D9B00E0508A /* TestMVVMTwoCellViewModel.h */ = {isa = PBXFileReference; lastKnownFileType = sourcecode.c.h; path = TestMVVMTwoCellViewModel.h; sourceTree = "<group>"; };
		2358916D22BA1D9B00E0508A /* TestMVVMTwoCellViewModel.m */ = {isa = PBXFileReference; lastKnownFileType = sourcecode.c.objc; path = TestMVVMTwoCellViewModel.m; sourceTree = "<group>"; };
		2358916F22BA1DBF00E0508A /* TestMVVMThreeCellViewModel.h */ = {isa = PBXFileReference; lastKnownFileType = sourcecode.c.h; path = TestMVVMThreeCellViewModel.h; sourceTree = "<group>"; };
		2358917022BA1DBF00E0508A /* TestMVVMThreeCellViewModel.m */ = {isa = PBXFileReference; lastKnownFileType = sourcecode.c.objc; path = TestMVVMThreeCellViewModel.m; sourceTree = "<group>"; };
		2358917222BA1E9D00E0508A /* TestMVVMControllerViewModel.h */ = {isa = PBXFileReference; lastKnownFileType = sourcecode.c.h; path = TestMVVMControllerViewModel.h; sourceTree = "<group>"; };
		2358917322BA1E9D00E0508A /* TestMVVMControllerViewModel.m */ = {isa = PBXFileReference; lastKnownFileType = sourcecode.c.objc; path = TestMVVMControllerViewModel.m; sourceTree = "<group>"; };
		2358917622BA2DBD00E0508A /* TestMVVMModel.h */ = {isa = PBXFileReference; lastKnownFileType = sourcecode.c.h; path = TestMVVMModel.h; sourceTree = "<group>"; };
		2358917722BA2DBD00E0508A /* TestMVVMModel.m */ = {isa = PBXFileReference; lastKnownFileType = sourcecode.c.objc; path = TestMVVMModel.m; sourceTree = "<group>"; };
		2358917922BA304800E0508A /* TestMVVM.plist */ = {isa = PBXFileReference; lastKnownFileType = text.plist.xml; path = TestMVVM.plist; sourceTree = "<group>"; };
		2358917E22BA87D200E0508A /* YBHandyCollectionIMP.h */ = {isa = PBXFileReference; fileEncoding = 4; lastKnownFileType = sourcecode.c.h; path = YBHandyCollectionIMP.h; sourceTree = "<group>"; };
		2358917F22BA87D200E0508A /* YBHandyCollectionIMP.m */ = {isa = PBXFileReference; fileEncoding = 4; lastKnownFileType = sourcecode.c.objc; path = YBHandyCollectionIMP.m; sourceTree = "<group>"; };
		2358918122BA87D200E0508A /* YBHCollectionCellConfig.h */ = {isa = PBXFileReference; fileEncoding = 4; lastKnownFileType = sourcecode.c.h; path = YBHCollectionCellConfig.h; sourceTree = "<group>"; };
		2358918222BA87D200E0508A /* YBHCollectionCellConfig.m */ = {isa = PBXFileReference; fileEncoding = 4; lastKnownFileType = sourcecode.c.objc; path = YBHCollectionCellConfig.m; sourceTree = "<group>"; };
		2358918322BA87D200E0508A /* YBHCollectionCellProtocol.h */ = {isa = PBXFileReference; fileEncoding = 4; lastKnownFileType = sourcecode.c.h; path = YBHCollectionCellProtocol.h; sourceTree = "<group>"; };
		2358918422BA87D200E0508A /* YBHCollectionHeaderFooterConfig.h */ = {isa = PBXFileReference; fileEncoding = 4; lastKnownFileType = sourcecode.c.h; path = YBHCollectionHeaderFooterConfig.h; sourceTree = "<group>"; };
		2358918522BA87D200E0508A /* YBHCollectionHeaderFooterConfig.m */ = {isa = PBXFileReference; fileEncoding = 4; lastKnownFileType = sourcecode.c.objc; path = YBHCollectionHeaderFooterConfig.m; sourceTree = "<group>"; };
		2358918622BA87D200E0508A /* YBHCollectionHeaderFooterProtocol.h */ = {isa = PBXFileReference; fileEncoding = 4; lastKnownFileType = sourcecode.c.h; path = YBHCollectionHeaderFooterProtocol.h; sourceTree = "<group>"; };
		2358918722BA87D200E0508A /* UICollectionView+YBHandyList.h */ = {isa = PBXFileReference; fileEncoding = 4; lastKnownFileType = sourcecode.c.h; path = "UICollectionView+YBHandyList.h"; sourceTree = "<group>"; };
		2358918822BA87D200E0508A /* UICollectionView+YBHandyList.m */ = {isa = PBXFileReference; fileEncoding = 4; lastKnownFileType = sourcecode.c.objc; path = "UICollectionView+YBHandyList.m"; sourceTree = "<group>"; };
		2358918922BA87D200E0508A /* YBHCollectionSection.h */ = {isa = PBXFileReference; fileEncoding = 4; lastKnownFileType = sourcecode.c.h; path = YBHCollectionSection.h; sourceTree = "<group>"; };
		2358918A22BA87D200E0508A /* YBHCollectionSection.m */ = {isa = PBXFileReference; fileEncoding = 4; lastKnownFileType = sourcecode.c.objc; path = YBHCollectionSection.m; sourceTree = "<group>"; };
		2358918B22BA87D200E0508A /* YBHandyList.h */ = {isa = PBXFileReference; fileEncoding = 4; lastKnownFileType = sourcecode.c.h; path = YBHandyList.h; sourceTree = "<group>"; };
		2358918E22BA87D200E0508A /* YBHandyTableIMP.h */ = {isa = PBXFileReference; fileEncoding = 4; lastKnownFileType = sourcecode.c.h; path = YBHandyTableIMP.h; sourceTree = "<group>"; };
		2358918F22BA87D200E0508A /* YBHandyTableIMP.m */ = {isa = PBXFileReference; fileEncoding = 4; lastKnownFileType = sourcecode.c.objc; path = YBHandyTableIMP.m; sourceTree = "<group>"; };
		2358919122BA87D200E0508A /* YBHTableCellConfig.h */ = {isa = PBXFileReference; fileEncoding = 4; lastKnownFileType = sourcecode.c.h; path = YBHTableCellConfig.h; sourceTree = "<group>"; };
		2358919222BA87D200E0508A /* YBHTableCellConfig.m */ = {isa = PBXFileReference; fileEncoding = 4; lastKnownFileType = sourcecode.c.objc; path = YBHTableCellConfig.m; sourceTree = "<group>"; };
		2358919322BA87D200E0508A /* YBHTableCellProtocol.h */ = {isa = PBXFileReference; fileEncoding = 4; lastKnownFileType = sourcecode.c.h; path = YBHTableCellProtocol.h; sourceTree = "<group>"; };
		2358919422BA87D200E0508A /* YBHTableHeaderFooterConfig.h */ = {isa = PBXFileReference; fileEncoding = 4; lastKnownFileType = sourcecode.c.h; path = YBHTableHeaderFooterConfig.h; sourceTree = "<group>"; };
		2358919522BA87D200E0508A /* YBHTableHeaderFooterConfig.m */ = {isa = PBXFileReference; fileEncoding = 4; lastKnownFileType = sourcecode.c.objc; path = YBHTableHeaderFooterConfig.m; sourceTree = "<group>"; };
		2358919622BA87D200E0508A /* YBHTableHeaderFooterProtocol.h */ = {isa = PBXFileReference; fileEncoding = 4; lastKnownFileType = sourcecode.c.h; path = YBHTableHeaderFooterProtocol.h; sourceTree = "<group>"; };
		2358919722BA87D200E0508A /* UITableView+YBHandyList.h */ = {isa = PBXFileReference; fileEncoding = 4; lastKnownFileType = sourcecode.c.h; path = "UITableView+YBHandyList.h"; sourceTree = "<group>"; };
		2358919822BA87D200E0508A /* UITableView+YBHandyList.m */ = {isa = PBXFileReference; fileEncoding = 4; lastKnownFileType = sourcecode.c.objc; path = "UITableView+YBHandyList.m"; sourceTree = "<group>"; };
		2358919922BA87D300E0508A /* YBHTableSection.h */ = {isa = PBXFileReference; fileEncoding = 4; lastKnownFileType = sourcecode.c.h; path = YBHTableSection.h; sourceTree = "<group>"; };
		2358919A22BA87D300E0508A /* YBHTableSection.m */ = {isa = PBXFileReference; fileEncoding = 4; lastKnownFileType = sourcecode.c.objc; path = YBHTableSection.m; sourceTree = "<group>"; };
		235A7C0222B8732900159B0F /* YBHandyListDemo.app */ = {isa = PBXFileReference; explicitFileType = wrapper.application; includeInIndex = 0; path = YBHandyListDemo.app; sourceTree = BUILT_PRODUCTS_DIR; };
		235A7C0522B8732900159B0F /* AppDelegate.h */ = {isa = PBXFileReference; lastKnownFileType = sourcecode.c.h; path = AppDelegate.h; sourceTree = "<group>"; };
		235A7C0622B8732900159B0F /* AppDelegate.m */ = {isa = PBXFileReference; lastKnownFileType = sourcecode.c.objc; path = AppDelegate.m; sourceTree = "<group>"; };
		235A7C0C22B8732900159B0F /* Base */ = {isa = PBXFileReference; lastKnownFileType = file.storyboard; name = Base; path = Base.lproj/Main.storyboard; sourceTree = "<group>"; };
		235A7C0E22B8732A00159B0F /* Assets.xcassets */ = {isa = PBXFileReference; lastKnownFileType = folder.assetcatalog; path = Assets.xcassets; sourceTree = "<group>"; };
		235A7C1122B8732A00159B0F /* Base */ = {isa = PBXFileReference; lastKnownFileType = file.storyboard; name = Base; path = Base.lproj/LaunchScreen.storyboard; sourceTree = "<group>"; };
		235A7C1322B8732A00159B0F /* Info.plist */ = {isa = PBXFileReference; lastKnownFileType = text.plist.xml; path = Info.plist; sourceTree = "<group>"; };
		235A7C1422B8732A00159B0F /* main.m */ = {isa = PBXFileReference; lastKnownFileType = sourcecode.c.objc; path = main.m; sourceTree = "<group>"; };
		235A7C1A22B8732A00159B0F /* YBHandyListDemoTests.xctest */ = {isa = PBXFileReference; explicitFileType = wrapper.cfbundle; includeInIndex = 0; path = YBHandyListDemoTests.xctest; sourceTree = BUILT_PRODUCTS_DIR; };
		235A7C1E22B8732A00159B0F /* YBHandyListDemoTests.m */ = {isa = PBXFileReference; lastKnownFileType = sourcecode.c.objc; path = YBHandyListDemoTests.m; sourceTree = "<group>"; };
		235A7C2022B8732A00159B0F /* Info.plist */ = {isa = PBXFileReference; lastKnownFileType = text.plist.xml; path = Info.plist; sourceTree = "<group>"; };
		235A7C2522B8732A00159B0F /* YBHandyListDemoUITests.xctest */ = {isa = PBXFileReference; explicitFileType = wrapper.cfbundle; includeInIndex = 0; path = YBHandyListDemoUITests.xctest; sourceTree = BUILT_PRODUCTS_DIR; };
		235A7C2922B8732A00159B0F /* YBHandyListDemoUITests.m */ = {isa = PBXFileReference; lastKnownFileType = sourcecode.c.objc; path = YBHandyListDemoUITests.m; sourceTree = "<group>"; };
		235A7C2B22B8732A00159B0F /* Info.plist */ = {isa = PBXFileReference; lastKnownFileType = text.plist.xml; path = Info.plist; sourceTree = "<group>"; };
		235A7C8222B8BBF300159B0F /* TestCollectionController.m */ = {isa = PBXFileReference; fileEncoding = 4; lastKnownFileType = sourcecode.c.objc; path = TestCollectionController.m; sourceTree = "<group>"; };
		235A7C8322B8BBF300159B0F /* TestCollectionController.h */ = {isa = PBXFileReference; fileEncoding = 4; lastKnownFileType = sourcecode.c.h; path = TestCollectionController.h; sourceTree = "<group>"; };
		235A7C8622B8BC0B00159B0F /* TestTableModel.h */ = {isa = PBXFileReference; fileEncoding = 4; lastKnownFileType = sourcecode.c.h; path = TestTableModel.h; sourceTree = "<group>"; };
		235A7C8722B8BC0B00159B0F /* TestTableModel.m */ = {isa = PBXFileReference; fileEncoding = 4; lastKnownFileType = sourcecode.c.objc; path = TestTableModel.m; sourceTree = "<group>"; };
		235A7C8922B8BC0B00159B0F /* TestTableCell.h */ = {isa = PBXFileReference; fileEncoding = 4; lastKnownFileType = sourcecode.c.h; path = TestTableCell.h; sourceTree = "<group>"; };
		235A7C8A22B8BC0B00159B0F /* TestTableCell.m */ = {isa = PBXFileReference; fileEncoding = 4; lastKnownFileType = sourcecode.c.objc; path = TestTableCell.m; sourceTree = "<group>"; };
		235A7C8C22B8BC0B00159B0F /* TestTableController.h */ = {isa = PBXFileReference; fileEncoding = 4; lastKnownFileType = sourcecode.c.h; path = TestTableController.h; sourceTree = "<group>"; };
		235A7C8D22B8BC0B00159B0F /* TestTableController.m */ = {isa = PBXFileReference; fileEncoding = 4; lastKnownFileType = sourcecode.c.objc; path = TestTableController.m; sourceTree = "<group>"; };
		235A7C9222B8BD3E00159B0F /* MainViewController.m */ = {isa = PBXFileReference; fileEncoding = 4; lastKnownFileType = sourcecode.c.objc; path = MainViewController.m; sourceTree = "<group>"; };
		235A7C9322B8BD3E00159B0F /* MainViewController.xib */ = {isa = PBXFileReference; fileEncoding = 4; lastKnownFileType = file.xib; path = MainViewController.xib; sourceTree = "<group>"; };
		235A7C9422B8BD3E00159B0F /* MainViewController.h */ = {isa = PBXFileReference; fileEncoding = 4; lastKnownFileType = sourcecode.c.h; path = MainViewController.h; sourceTree = "<group>"; };
		235A7C9922B8C42400159B0F /* YBHLPrefixHeader.pch */ = {isa = PBXFileReference; fileEncoding = 4; lastKnownFileType = sourcecode.c.h; path = YBHLPrefixHeader.pch; sourceTree = "<group>"; };
		235A7CA822B8E84700159B0F /* TestTableNibCell.h */ = {isa = PBXFileReference; lastKnownFileType = sourcecode.c.h; path = TestTableNibCell.h; sourceTree = "<group>"; };
		235A7CA922B8E84700159B0F /* TestTableNibCell.m */ = {isa = PBXFileReference; lastKnownFileType = sourcecode.c.objc; path = TestTableNibCell.m; sourceTree = "<group>"; };
		235A7CAA22B8E84700159B0F /* TestTableNibCell.xib */ = {isa = PBXFileReference; lastKnownFileType = file.xib; path = TestTableNibCell.xib; sourceTree = "<group>"; };
		235A7CAD22B8EB2E00159B0F /* TestTableNibHeader.h */ = {isa = PBXFileReference; lastKnownFileType = sourcecode.c.h; path = TestTableNibHeader.h; sourceTree = "<group>"; };
		235A7CAE22B8EB2E00159B0F /* TestTableNibHeader.m */ = {isa = PBXFileReference; lastKnownFileType = sourcecode.c.objc; path = TestTableNibHeader.m; sourceTree = "<group>"; };
		235A7CB022B8EB3700159B0F /* TestTableNibHeader.xib */ = {isa = PBXFileReference; lastKnownFileType = file.xib; path = TestTableNibHeader.xib; sourceTree = "<group>"; };
/* End PBXFileReference section */

/* Begin PBXFrameworksBuildPhase section */
		235A7BFF22B8732900159B0F /* Frameworks */ = {
			isa = PBXFrameworksBuildPhase;
			buildActionMask = 2147483647;
			files = (
			);
			runOnlyForDeploymentPostprocessing = 0;
		};
		235A7C1722B8732A00159B0F /* Frameworks */ = {
			isa = PBXFrameworksBuildPhase;
			buildActionMask = 2147483647;
			files = (
			);
			runOnlyForDeploymentPostprocessing = 0;
		};
		235A7C2222B8732A00159B0F /* Frameworks */ = {
			isa = PBXFrameworksBuildPhase;
			buildActionMask = 2147483647;
			files = (
			);
			runOnlyForDeploymentPostprocessing = 0;
		};
/* End PBXFrameworksBuildPhase section */

/* Begin PBXGroup section */
		2358914A22BA13E900E0508A /* MVVM架构支撑 */ = {
			isa = PBXGroup;
			children = (
				2358917922BA304800E0508A /* TestMVVM.plist */,
				2358914E22BA143600E0508A /* Model */,
				2358914D22BA143200E0508A /* ViewModel */,
				2358914C22BA142E00E0508A /* View */,
				2358914B22BA142A00E0508A /* Controller */,
			);
			path = "MVVM架构支撑";
			sourceTree = "<group>";
		};
		2358914B22BA142A00E0508A /* Controller */ = {
			isa = PBXGroup;
			children = (
				2358914F22BA145200E0508A /* TestMVVMController.h */,
				2358915022BA145200E0508A /* TestMVVMController.m */,
			);
			path = Controller;
			sourceTree = "<group>";
		};
		2358914C22BA142E00E0508A /* View */ = {
			isa = PBXGroup;
			children = (
				2358915722BA1C8300E0508A /* TestMVVMOneCell.h */,
				2358915822BA1C8300E0508A /* TestMVVMOneCell.m */,
				2358915922BA1C8300E0508A /* TestMVVMOneCell.xib */,
				2358915C22BA1C9000E0508A /* TestMVVMTwoCell.h */,
				2358915D22BA1C9000E0508A /* TestMVVMTwoCell.m */,
				2358915E22BA1C9000E0508A /* TestMVVMTwoCell.xib */,
				2358916122BA1CB100E0508A /* TestMVVMThreeCell.h */,
				2358916222BA1CB100E0508A /* TestMVVMThreeCell.m */,
				2358916322BA1CB100E0508A /* TestMVVMThreeCell.xib */,
			);
			path = View;
			sourceTree = "<group>";
		};
		2358914D22BA143200E0508A /* ViewModel */ = {
			isa = PBXGroup;
			children = (
				2358917222BA1E9D00E0508A /* TestMVVMControllerViewModel.h */,
				2358917322BA1E9D00E0508A /* TestMVVMControllerViewModel.m */,
				2358916922BA1D8700E0508A /* TestMVVMOneCellViewModel.h */,
				2358916A22BA1D8700E0508A /* TestMVVMOneCellViewModel.m */,
				2358916C22BA1D9B00E0508A /* TestMVVMTwoCellViewModel.h */,
				2358916D22BA1D9B00E0508A /* TestMVVMTwoCellViewModel.m */,
				2358916F22BA1DBF00E0508A /* TestMVVMThreeCellViewModel.h */,
				2358917022BA1DBF00E0508A /* TestMVVMThreeCellViewModel.m */,
			);
			path = ViewModel;
			sourceTree = "<group>";
		};
		2358914E22BA143600E0508A /* Model */ = {
			isa = PBXGroup;
			children = (
				2358917622BA2DBD00E0508A /* TestMVVMModel.h */,
				2358917722BA2DBD00E0508A /* TestMVVMModel.m */,
			);
			path = Model;
			sourceTree = "<group>";
		};
		2358917B22BA87D200E0508A /* YBHandyList */ = {
			isa = PBXGroup;
			children = (
				2358917C22BA87D200E0508A /* YBHandyCollection */,
				2358918B22BA87D200E0508A /* YBHandyList.h */,
				2358918C22BA87D200E0508A /* YBHandyTable */,
			);
			path = YBHandyList;
			sourceTree = SOURCE_ROOT;
		};
		2358917C22BA87D200E0508A /* YBHandyCollection */ = {
			isa = PBXGroup;
			children = (
				2358917D22BA87D200E0508A /* Implement */,
				2358918022BA87D200E0508A /* Protocol */,
				2358918722BA87D200E0508A /* UICollectionView+YBHandyList.h */,
				2358918822BA87D200E0508A /* UICollectionView+YBHandyList.m */,
				2358918922BA87D200E0508A /* YBHCollectionSection.h */,
				2358918A22BA87D200E0508A /* YBHCollectionSection.m */,
			);
			path = YBHandyCollection;
			sourceTree = "<group>";
		};
		2358917D22BA87D200E0508A /* Implement */ = {
			isa = PBXGroup;
			children = (
				2358917E22BA87D200E0508A /* YBHandyCollectionIMP.h */,
				2358917F22BA87D200E0508A /* YBHandyCollectionIMP.m */,
			);
			path = Implement;
			sourceTree = "<group>";
		};
		2358918022BA87D200E0508A /* Protocol */ = {
			isa = PBXGroup;
			children = (
				2358918122BA87D200E0508A /* YBHCollectionCellConfig.h */,
				2358918222BA87D200E0508A /* YBHCollectionCellConfig.m */,
				2358918322BA87D200E0508A /* YBHCollectionCellProtocol.h */,
				2358918422BA87D200E0508A /* YBHCollectionHeaderFooterConfig.h */,
				2358918522BA87D200E0508A /* YBHCollectionHeaderFooterConfig.m */,
				2358918622BA87D200E0508A /* YBHCollectionHeaderFooterProtocol.h */,
			);
			path = Protocol;
			sourceTree = "<group>";
		};
		2358918C22BA87D200E0508A /* YBHandyTable */ = {
			isa = PBXGroup;
			children = (
				2358918D22BA87D200E0508A /* Implement */,
				2358919022BA87D200E0508A /* Protocol */,
				2358919722BA87D200E0508A /* UITableView+YBHandyList.h */,
				2358919822BA87D200E0508A /* UITableView+YBHandyList.m */,
				2358919922BA87D300E0508A /* YBHTableSection.h */,
				2358919A22BA87D300E0508A /* YBHTableSection.m */,
			);
			path = YBHandyTable;
			sourceTree = "<group>";
		};
		2358918D22BA87D200E0508A /* Implement */ = {
			isa = PBXGroup;
			children = (
				2358918E22BA87D200E0508A /* YBHandyTableIMP.h */,
				2358918F22BA87D200E0508A /* YBHandyTableIMP.m */,
			);
			path = Implement;
			sourceTree = "<group>";
		};
		2358919022BA87D200E0508A /* Protocol */ = {
			isa = PBXGroup;
			children = (
				2358919122BA87D200E0508A /* YBHTableCellConfig.h */,
				2358919222BA87D200E0508A /* YBHTableCellConfig.m */,
				2358919322BA87D200E0508A /* YBHTableCellProtocol.h */,
				2358919422BA87D200E0508A /* YBHTableHeaderFooterConfig.h */,
				2358919522BA87D200E0508A /* YBHTableHeaderFooterConfig.m */,
				2358919622BA87D200E0508A /* YBHTableHeaderFooterProtocol.h */,
			);
			path = Protocol;
			sourceTree = "<group>";
		};
		235A7BF922B8732900159B0F = {
			isa = PBXGroup;
			children = (
				235A7C0422B8732900159B0F /* YBHandyListDemo */,
				235A7C1D22B8732A00159B0F /* YBHandyListDemoTests */,
				235A7C2822B8732A00159B0F /* YBHandyListDemoUITests */,
				235A7C0322B8732900159B0F /* Products */,
			);
			sourceTree = "<group>";
		};
		235A7C0322B8732900159B0F /* Products */ = {
			isa = PBXGroup;
			children = (
				235A7C0222B8732900159B0F /* YBHandyListDemo.app */,
				235A7C1A22B8732A00159B0F /* YBHandyListDemoTests.xctest */,
				235A7C2522B8732A00159B0F /* YBHandyListDemoUITests.xctest */,
			);
			name = Products;
			sourceTree = "<group>";
		};
		235A7C0422B8732900159B0F /* YBHandyListDemo */ = {
			isa = PBXGroup;
			children = (
				2358917B22BA87D200E0508A /* YBHandyList */,
				235A7C8022B8BA0C00159B0F /* TableView用例 */,
				235A7C8122B8BA1700159B0F /* CollectionView用例 */,
				2358914A22BA13E900E0508A /* MVVM架构支撑 */,
				235A7C0522B8732900159B0F /* AppDelegate.h */,
				235A7C0622B8732900159B0F /* AppDelegate.m */,
				235A7C9922B8C42400159B0F /* YBHLPrefixHeader.pch */,
				235A7C9422B8BD3E00159B0F /* MainViewController.h */,
				235A7C9222B8BD3E00159B0F /* MainViewController.m */,
				235A7C9322B8BD3E00159B0F /* MainViewController.xib */,
				235A7C0B22B8732900159B0F /* Main.storyboard */,
				235A7C0E22B8732A00159B0F /* Assets.xcassets */,
				235A7C1022B8732A00159B0F /* LaunchScreen.storyboard */,
				235A7C1322B8732A00159B0F /* Info.plist */,
				235A7C1422B8732A00159B0F /* main.m */,
			);
			path = YBHandyListDemo;
			sourceTree = "<group>";
		};
		235A7C1D22B8732A00159B0F /* YBHandyListDemoTests */ = {
			isa = PBXGroup;
			children = (
				235A7C1E22B8732A00159B0F /* YBHandyListDemoTests.m */,
				235A7C2022B8732A00159B0F /* Info.plist */,
			);
			path = YBHandyListDemoTests;
			sourceTree = "<group>";
		};
		235A7C2822B8732A00159B0F /* YBHandyListDemoUITests */ = {
			isa = PBXGroup;
			children = (
				235A7C2922B8732A00159B0F /* YBHandyListDemoUITests.m */,
				235A7C2B22B8732A00159B0F /* Info.plist */,
			);
			path = YBHandyListDemoUITests;
			sourceTree = "<group>";
		};
		235A7C8022B8BA0C00159B0F /* TableView用例 */ = {
			isa = PBXGroup;
			children = (
				235A7C8522B8BC0B00159B0F /* Model */,
				235A7C8822B8BC0B00159B0F /* View */,
				235A7C8B22B8BC0B00159B0F /* Controller */,
			);
			path = "TableView用例";
			sourceTree = "<group>";
		};
		235A7C8122B8BA1700159B0F /* CollectionView用例 */ = {
			isa = PBXGroup;
			children = (
				235A7C9822B8BEBC00159B0F /* Model */,
				235A7C9722B8BEBA00159B0F /* View */,
				235A7C9122B8BC7B00159B0F /* Controller */,
			);
			path = "CollectionView用例";
			sourceTree = "<group>";
		};
		235A7C8522B8BC0B00159B0F /* Model */ = {
			isa = PBXGroup;
			children = (
				235A7C8622B8BC0B00159B0F /* TestTableModel.h */,
				235A7C8722B8BC0B00159B0F /* TestTableModel.m */,
			);
			path = Model;
			sourceTree = "<group>";
		};
		235A7C8822B8BC0B00159B0F /* View */ = {
			isa = PBXGroup;
			children = (
				235A7C8922B8BC0B00159B0F /* TestTableCell.h */,
				235A7C8A22B8BC0B00159B0F /* TestTableCell.m */,
				235A7CA822B8E84700159B0F /* TestTableNibCell.h */,
				235A7CA922B8E84700159B0F /* TestTableNibCell.m */,
				235A7CAA22B8E84700159B0F /* TestTableNibCell.xib */,
				2358914722BA0C1A00E0508A /* TestTableNibCellConfig.h */,
				2358914822BA0C1A00E0508A /* TestTableNibCellConfig.m */,
				235A7CAD22B8EB2E00159B0F /* TestTableNibHeader.h */,
				235A7CAE22B8EB2E00159B0F /* TestTableNibHeader.m */,
				235A7CB022B8EB3700159B0F /* TestTableNibHeader.xib */,
			);
			path = View;
			sourceTree = "<group>";
		};
		235A7C8B22B8BC0B00159B0F /* Controller */ = {
			isa = PBXGroup;
			children = (
				235A7C8C22B8BC0B00159B0F /* TestTableController.h */,
				235A7C8D22B8BC0B00159B0F /* TestTableController.m */,
			);
			path = Controller;
			sourceTree = "<group>";
		};
		235A7C9122B8BC7B00159B0F /* Controller */ = {
			isa = PBXGroup;
			children = (
				235A7C8322B8BBF300159B0F /* TestCollectionController.h */,
				235A7C8222B8BBF300159B0F /* TestCollectionController.m */,
			);
			path = Controller;
			sourceTree = "<group>";
		};
		235A7C9722B8BEBA00159B0F /* View */ = {
			isa = PBXGroup;
			children = (
				2358914122B9CBF500E0508A /* TestCollectionNibCell.h */,
				2358914222B9CBF500E0508A /* TestCollectionNibCell.m */,
				2358914322B9CBF500E0508A /* TestCollectionNibCell.xib */,
			);
			path = View;
			sourceTree = "<group>";
		};
		235A7C9822B8BEBC00159B0F /* Model */ = {
			isa = PBXGroup;
			children = (
				2358913E22B9C18E00E0508A /* TestCollectionModel.h */,
				2358913F22B9C18E00E0508A /* TestCollectionModel.m */,
			);
			path = Model;
			sourceTree = "<group>";
		};
/* End PBXGroup section */

/* Begin PBXNativeTarget section */
		235A7C0122B8732900159B0F /* YBHandyListDemo */ = {
			isa = PBXNativeTarget;
			buildConfigurationList = 235A7C2E22B8732A00159B0F /* Build configuration list for PBXNativeTarget "YBHandyListDemo" */;
			buildPhases = (
				235A7BFE22B8732900159B0F /* Sources */,
				235A7BFF22B8732900159B0F /* Frameworks */,
				235A7C0022B8732900159B0F /* Resources */,
			);
			buildRules = (
			);
			dependencies = (
			);
			name = YBHandyListDemo;
			productName = YBHandyListDemo;
			productReference = 235A7C0222B8732900159B0F /* YBHandyListDemo.app */;
			productType = "com.apple.product-type.application";
		};
		235A7C1922B8732A00159B0F /* YBHandyListDemoTests */ = {
			isa = PBXNativeTarget;
			buildConfigurationList = 235A7C3122B8732A00159B0F /* Build configuration list for PBXNativeTarget "YBHandyListDemoTests" */;
			buildPhases = (
				235A7C1622B8732A00159B0F /* Sources */,
				235A7C1722B8732A00159B0F /* Frameworks */,
				235A7C1822B8732A00159B0F /* Resources */,
			);
			buildRules = (
			);
			dependencies = (
				235A7C1C22B8732A00159B0F /* PBXTargetDependency */,
			);
			name = YBHandyListDemoTests;
			productName = YBHandyListDemoTests;
			productReference = 235A7C1A22B8732A00159B0F /* YBHandyListDemoTests.xctest */;
			productType = "com.apple.product-type.bundle.unit-test";
		};
		235A7C2422B8732A00159B0F /* YBHandyListDemoUITests */ = {
			isa = PBXNativeTarget;
			buildConfigurationList = 235A7C3422B8732A00159B0F /* Build configuration list for PBXNativeTarget "YBHandyListDemoUITests" */;
			buildPhases = (
				235A7C2122B8732A00159B0F /* Sources */,
				235A7C2222B8732A00159B0F /* Frameworks */,
				235A7C2322B8732A00159B0F /* Resources */,
			);
			buildRules = (
			);
			dependencies = (
				235A7C2722B8732A00159B0F /* PBXTargetDependency */,
			);
			name = YBHandyListDemoUITests;
			productName = YBHandyListDemoUITests;
			productReference = 235A7C2522B8732A00159B0F /* YBHandyListDemoUITests.xctest */;
			productType = "com.apple.product-type.bundle.ui-testing";
		};
/* End PBXNativeTarget section */

/* Begin PBXProject section */
		235A7BFA22B8732900159B0F /* Project object */ = {
			isa = PBXProject;
			attributes = {
				LastUpgradeCheck = 1020;
				ORGANIZATIONNAME = "杨波";
				TargetAttributes = {
					235A7C0122B8732900159B0F = {
						CreatedOnToolsVersion = 10.2;
					};
					235A7C1922B8732A00159B0F = {
						CreatedOnToolsVersion = 10.2;
						TestTargetID = 235A7C0122B8732900159B0F;
					};
					235A7C2422B8732A00159B0F = {
						CreatedOnToolsVersion = 10.2;
						TestTargetID = 235A7C0122B8732900159B0F;
					};
				};
			};
			buildConfigurationList = 235A7BFD22B8732900159B0F /* Build configuration list for PBXProject "YBHandyListDemo" */;
			compatibilityVersion = "Xcode 9.3";
			developmentRegion = en;
			hasScannedForEncodings = 0;
			knownRegions = (
				en,
				Base,
			);
			mainGroup = 235A7BF922B8732900159B0F;
			productRefGroup = 235A7C0322B8732900159B0F /* Products */;
			projectDirPath = "";
			projectRoot = "";
			targets = (
				235A7C0122B8732900159B0F /* YBHandyListDemo */,
				235A7C1922B8732A00159B0F /* YBHandyListDemoTests */,
				235A7C2422B8732A00159B0F /* YBHandyListDemoUITests */,
			);
		};
/* End PBXProject section */

/* Begin PBXResourcesBuildPhase section */
		235A7C0022B8732900159B0F /* Resources */ = {
			isa = PBXResourcesBuildPhase;
			buildActionMask = 2147483647;
			files = (
				2358917A22BA304800E0508A /* TestMVVM.plist in Resources */,
				2358916522BA1CB100E0508A /* TestMVVMThreeCell.xib in Resources */,
				2358916022BA1C9000E0508A /* TestMVVMTwoCell.xib in Resources */,
				235A7C1222B8732A00159B0F /* LaunchScreen.storyboard in Resources */,
				235A7CB122B8EB3700159B0F /* TestTableNibHeader.xib in Resources */,
				235A7C0F22B8732A00159B0F /* Assets.xcassets in Resources */,
				2358914522B9CBF500E0508A /* TestCollectionNibCell.xib in Resources */,
				2358915B22BA1C8300E0508A /* TestMVVMOneCell.xib in Resources */,
				235A7C0D22B8732900159B0F /* Main.storyboard in Resources */,
				235A7C9622B8BD3E00159B0F /* MainViewController.xib in Resources */,
				235A7CAC22B8E84700159B0F /* TestTableNibCell.xib in Resources */,
			);
			runOnlyForDeploymentPostprocessing = 0;
		};
		235A7C1822B8732A00159B0F /* Resources */ = {
			isa = PBXResourcesBuildPhase;
			buildActionMask = 2147483647;
			files = (
			);
			runOnlyForDeploymentPostprocessing = 0;
		};
		235A7C2322B8732A00159B0F /* Resources */ = {
			isa = PBXResourcesBuildPhase;
			buildActionMask = 2147483647;
			files = (
			);
			runOnlyForDeploymentPostprocessing = 0;
		};
/* End PBXResourcesBuildPhase section */

/* Begin PBXSourcesBuildPhase section */
		235A7BFE22B8732900159B0F /* Sources */ = {
			isa = PBXSourcesBuildPhase;
			buildActionMask = 2147483647;
			files = (
				2358914022B9C18E00E0508A /* TestCollectionModel.m in Sources */,
				2358919F22BA87D300E0508A /* YBHCollectionSection.m in Sources */,
				2358919C22BA87D300E0508A /* YBHCollectionCellConfig.m in Sources */,
				2358915F22BA1C9000E0508A /* TestMVVMTwoCell.m in Sources */,
				235A7C9022B8BC0B00159B0F /* TestTableController.m in Sources */,
				235891A322BA87D300E0508A /* UITableView+YBHandyList.m in Sources */,
				2358917822BA2DBD00E0508A /* TestMVVMModel.m in Sources */,
				235A7C8422B8BBF300159B0F /* TestCollectionController.m in Sources */,
				235891A422BA87D300E0508A /* YBHTableSection.m in Sources */,
				2358916B22BA1D8700E0508A /* TestMVVMOneCellViewModel.m in Sources */,
				235A7C8E22B8BC0B00159B0F /* TestTableModel.m in Sources */,
				2358915122BA145200E0508A /* TestMVVMController.m in Sources */,
				2358919B22BA87D300E0508A /* YBHandyCollectionIMP.m in Sources */,
				2358916E22BA1D9B00E0508A /* TestMVVMTwoCellViewModel.m in Sources */,
				235891A022BA87D300E0508A /* YBHandyTableIMP.m in Sources */,
				2358919E22BA87D300E0508A /* UICollectionView+YBHandyList.m in Sources */,
				2358914422B9CBF500E0508A /* TestCollectionNibCell.m in Sources */,
				2358916422BA1CB100E0508A /* TestMVVMThreeCell.m in Sources */,
				2358914922BA0C1A00E0508A /* TestTableNibCellConfig.m in Sources */,
				2358917122BA1DBF00E0508A /* TestMVVMThreeCellViewModel.m in Sources */,
				235A7CAB22B8E84700159B0F /* TestTableNibCell.m in Sources */,
				235A7CAF22B8EB2E00159B0F /* TestTableNibHeader.m in Sources */,
				235891A122BA87D300E0508A /* YBHTableCellConfig.m in Sources */,
				235A7C8F22B8BC0B00159B0F /* TestTableCell.m in Sources */,
				2358917422BA1E9D00E0508A /* TestMVVMControllerViewModel.m in Sources */,
				2358919D22BA87D300E0508A /* YBHCollectionHeaderFooterConfig.m in Sources */,
				235A7C1522B8732A00159B0F /* main.m in Sources */,
				2358915A22BA1C8300E0508A /* TestMVVMOneCell.m in Sources */,
				235891A222BA87D300E0508A /* YBHTableHeaderFooterConfig.m in Sources */,
				235A7C9522B8BD3E00159B0F /* MainViewController.m in Sources */,
				235A7C0722B8732900159B0F /* AppDelegate.m in Sources */,
			);
			runOnlyForDeploymentPostprocessing = 0;
		};
		235A7C1622B8732A00159B0F /* Sources */ = {
			isa = PBXSourcesBuildPhase;
			buildActionMask = 2147483647;
			files = (
				235A7C1F22B8732A00159B0F /* YBHandyListDemoTests.m in Sources */,
			);
			runOnlyForDeploymentPostprocessing = 0;
		};
		235A7C2122B8732A00159B0F /* Sources */ = {
			isa = PBXSourcesBuildPhase;
			buildActionMask = 2147483647;
			files = (
				235A7C2A22B8732A00159B0F /* YBHandyListDemoUITests.m in Sources */,
			);
			runOnlyForDeploymentPostprocessing = 0;
		};
/* End PBXSourcesBuildPhase section */

/* Begin PBXTargetDependency section */
		235A7C1C22B8732A00159B0F /* PBXTargetDependency */ = {
			isa = PBXTargetDependency;
			target = 235A7C0122B8732900159B0F /* YBHandyListDemo */;
			targetProxy = 235A7C1B22B8732A00159B0F /* PBXContainerItemProxy */;
		};
		235A7C2722B8732A00159B0F /* PBXTargetDependency */ = {
			isa = PBXTargetDependency;
			target = 235A7C0122B8732900159B0F /* YBHandyListDemo */;
			targetProxy = 235A7C2622B8732A00159B0F /* PBXContainerItemProxy */;
		};
/* End PBXTargetDependency section */

/* Begin PBXVariantGroup section */
		235A7C0B22B8732900159B0F /* Main.storyboard */ = {
			isa = PBXVariantGroup;
			children = (
				235A7C0C22B8732900159B0F /* Base */,
			);
			name = Main.storyboard;
			sourceTree = "<group>";
		};
		235A7C1022B8732A00159B0F /* LaunchScreen.storyboard */ = {
			isa = PBXVariantGroup;
			children = (
				235A7C1122B8732A00159B0F /* Base */,
			);
			name = LaunchScreen.storyboard;
			sourceTree = "<group>";
		};
/* End PBXVariantGroup section */

/* Begin XCBuildConfiguration section */
		235A7C2C22B8732A00159B0F /* Debug */ = {
			isa = XCBuildConfiguration;
			buildSettings = {
				ALWAYS_SEARCH_USER_PATHS = NO;
				CLANG_ANALYZER_NONNULL = YES;
				CLANG_ANALYZER_NUMBER_OBJECT_CONVERSION = YES_AGGRESSIVE;
				CLANG_CXX_LANGUAGE_STANDARD = "gnu++14";
				CLANG_CXX_LIBRARY = "libc++";
				CLANG_ENABLE_MODULES = YES;
				CLANG_ENABLE_OBJC_ARC = YES;
				CLANG_ENABLE_OBJC_WEAK = YES;
				CLANG_WARN_BLOCK_CAPTURE_AUTORELEASING = YES;
				CLANG_WARN_BOOL_CONVERSION = YES;
				CLANG_WARN_COMMA = YES;
				CLANG_WARN_CONSTANT_CONVERSION = YES;
				CLANG_WARN_DEPRECATED_OBJC_IMPLEMENTATIONS = YES;
				CLANG_WARN_DIRECT_OBJC_ISA_USAGE = YES_ERROR;
				CLANG_WARN_DOCUMENTATION_COMMENTS = YES;
				CLANG_WARN_EMPTY_BODY = YES;
				CLANG_WARN_ENUM_CONVERSION = YES;
				CLANG_WARN_INFINITE_RECURSION = YES;
				CLANG_WARN_INT_CONVERSION = YES;
				CLANG_WARN_NON_LITERAL_NULL_CONVERSION = YES;
				CLANG_WARN_OBJC_IMPLICIT_RETAIN_SELF = YES;
				CLANG_WARN_OBJC_LITERAL_CONVERSION = YES;
				CLANG_WARN_OBJC_ROOT_CLASS = YES_ERROR;
				CLANG_WARN_RANGE_LOOP_ANALYSIS = YES;
				CLANG_WARN_STRICT_PROTOTYPES = YES;
				CLANG_WARN_SUSPICIOUS_MOVE = YES;
				CLANG_WARN_UNGUARDED_AVAILABILITY = YES_AGGRESSIVE;
				CLANG_WARN_UNREACHABLE_CODE = YES;
				CLANG_WARN__DUPLICATE_METHOD_MATCH = YES;
				CODE_SIGN_IDENTITY = "iPhone Developer";
				COPY_PHASE_STRIP = NO;
				DEBUG_INFORMATION_FORMAT = dwarf;
				ENABLE_STRICT_OBJC_MSGSEND = YES;
				ENABLE_TESTABILITY = YES;
				GCC_C_LANGUAGE_STANDARD = gnu11;
				GCC_DYNAMIC_NO_PIC = NO;
				GCC_NO_COMMON_BLOCKS = YES;
				GCC_OPTIMIZATION_LEVEL = 0;
				GCC_PREPROCESSOR_DEFINITIONS = (
					"DEBUG=1",
					"$(inherited)",
				);
				GCC_WARN_64_TO_32_BIT_CONVERSION = YES;
				GCC_WARN_ABOUT_RETURN_TYPE = YES_ERROR;
				GCC_WARN_UNDECLARED_SELECTOR = YES;
				GCC_WARN_UNINITIALIZED_AUTOS = YES_AGGRESSIVE;
				GCC_WARN_UNUSED_FUNCTION = YES;
				GCC_WARN_UNUSED_VARIABLE = YES;
				IPHONEOS_DEPLOYMENT_TARGET = 12.2;
				MTL_ENABLE_DEBUG_INFO = INCLUDE_SOURCE;
				MTL_FAST_MATH = YES;
				ONLY_ACTIVE_ARCH = YES;
				SDKROOT = iphoneos;
			};
			name = Debug;
		};
		235A7C2D22B8732A00159B0F /* Release */ = {
			isa = XCBuildConfiguration;
			buildSettings = {
				ALWAYS_SEARCH_USER_PATHS = NO;
				CLANG_ANALYZER_NONNULL = YES;
				CLANG_ANALYZER_NUMBER_OBJECT_CONVERSION = YES_AGGRESSIVE;
				CLANG_CXX_LANGUAGE_STANDARD = "gnu++14";
				CLANG_CXX_LIBRARY = "libc++";
				CLANG_ENABLE_MODULES = YES;
				CLANG_ENABLE_OBJC_ARC = YES;
				CLANG_ENABLE_OBJC_WEAK = YES;
				CLANG_WARN_BLOCK_CAPTURE_AUTORELEASING = YES;
				CLANG_WARN_BOOL_CONVERSION = YES;
				CLANG_WARN_COMMA = YES;
				CLANG_WARN_CONSTANT_CONVERSION = YES;
				CLANG_WARN_DEPRECATED_OBJC_IMPLEMENTATIONS = YES;
				CLANG_WARN_DIRECT_OBJC_ISA_USAGE = YES_ERROR;
				CLANG_WARN_DOCUMENTATION_COMMENTS = YES;
				CLANG_WARN_EMPTY_BODY = YES;
				CLANG_WARN_ENUM_CONVERSION = YES;
				CLANG_WARN_INFINITE_RECURSION = YES;
				CLANG_WARN_INT_CONVERSION = YES;
				CLANG_WARN_NON_LITERAL_NULL_CONVERSION = YES;
				CLANG_WARN_OBJC_IMPLICIT_RETAIN_SELF = YES;
				CLANG_WARN_OBJC_LITERAL_CONVERSION = YES;
				CLANG_WARN_OBJC_ROOT_CLASS = YES_ERROR;
				CLANG_WARN_RANGE_LOOP_ANALYSIS = YES;
				CLANG_WARN_STRICT_PROTOTYPES = YES;
				CLANG_WARN_SUSPICIOUS_MOVE = YES;
				CLANG_WARN_UNGUARDED_AVAILABILITY = YES_AGGRESSIVE;
				CLANG_WARN_UNREACHABLE_CODE = YES;
				CLANG_WARN__DUPLICATE_METHOD_MATCH = YES;
				CODE_SIGN_IDENTITY = "iPhone Developer";
				COPY_PHASE_STRIP = NO;
				DEBUG_INFORMATION_FORMAT = "dwarf-with-dsym";
				ENABLE_NS_ASSERTIONS = NO;
				ENABLE_STRICT_OBJC_MSGSEND = YES;
				GCC_C_LANGUAGE_STANDARD = gnu11;
				GCC_NO_COMMON_BLOCKS = YES;
				GCC_WARN_64_TO_32_BIT_CONVERSION = YES;
				GCC_WARN_ABOUT_RETURN_TYPE = YES_ERROR;
				GCC_WARN_UNDECLARED_SELECTOR = YES;
				GCC_WARN_UNINITIALIZED_AUTOS = YES_AGGRESSIVE;
				GCC_WARN_UNUSED_FUNCTION = YES;
				GCC_WARN_UNUSED_VARIABLE = YES;
				IPHONEOS_DEPLOYMENT_TARGET = 12.2;
				MTL_ENABLE_DEBUG_INFO = NO;
				MTL_FAST_MATH = YES;
				SDKROOT = iphoneos;
				VALIDATE_PRODUCT = YES;
			};
			name = Release;
		};
		235A7C2F22B8732A00159B0F /* Debug */ = {
			isa = XCBuildConfiguration;
			buildSettings = {
				ASSETCATALOG_COMPILER_APPICON_NAME = AppIcon;
				CODE_SIGN_STYLE = Automatic;
				DEVELOPMENT_TEAM = UU8H9EQ986;
				GCC_PREFIX_HEADER = "$(SRCROOT)/YBHandyListDemo/YBHLPrefixHeader.pch";
				INFOPLIST_FILE = YBHandyListDemo/Info.plist;
				IPHONEOS_DEPLOYMENT_TARGET = 8.0;
				LD_RUNPATH_SEARCH_PATHS = (
					"$(inherited)",
					"@executable_path/Frameworks",
				);
				PRODUCT_BUNDLE_IDENTIFIER = yangbo.YBHandyTableViewDemo;
				PRODUCT_NAME = "$(TARGET_NAME)";
				TARGETED_DEVICE_FAMILY = "1,2";
			};
			name = Debug;
		};
		235A7C3022B8732A00159B0F /* Release */ = {
			isa = XCBuildConfiguration;
			buildSettings = {
				ASSETCATALOG_COMPILER_APPICON_NAME = AppIcon;
				CODE_SIGN_STYLE = Automatic;
				DEVELOPMENT_TEAM = UU8H9EQ986;
				GCC_PREFIX_HEADER = "$(SRCROOT)/YBHandyListDemo/YBHLPrefixHeader.pch";
				INFOPLIST_FILE = YBHandyListDemo/Info.plist;
				IPHONEOS_DEPLOYMENT_TARGET = 8.0;
				LD_RUNPATH_SEARCH_PATHS = (
					"$(inherited)",
					"@executable_path/Frameworks",
				);
				PRODUCT_BUNDLE_IDENTIFIER = yangbo.YBHandyTableViewDemo;
				PRODUCT_NAME = "$(TARGET_NAME)";
				TARGETED_DEVICE_FAMILY = "1,2";
			};
			name = Release;
		};
		235A7C3222B8732A00159B0F /* Debug */ = {
			isa = XCBuildConfiguration;
			buildSettings = {
				BUNDLE_LOADER = "$(TEST_HOST)";
				CODE_SIGN_STYLE = Automatic;
				DEVELOPMENT_TEAM = UU8H9EQ986;
				INFOPLIST_FILE = YBHandyListDemoTests/Info.plist;
				LD_RUNPATH_SEARCH_PATHS = (
					"$(inherited)",
					"@executable_path/Frameworks",
					"@loader_path/Frameworks",
				);
				PRODUCT_BUNDLE_IDENTIFIER = yangbo.YBHandyListDemoTests;
				PRODUCT_NAME = "$(TARGET_NAME)";
				TARGETED_DEVICE_FAMILY = "1,2";
				TEST_HOST = "$(BUILT_PRODUCTS_DIR)/YBHandyListDemo.app/YBHandyListDemo";
			};
			name = Debug;
		};
		235A7C3322B8732A00159B0F /* Release */ = {
			isa = XCBuildConfiguration;
			buildSettings = {
				BUNDLE_LOADER = "$(TEST_HOST)";
				CODE_SIGN_STYLE = Automatic;
				DEVELOPMENT_TEAM = UU8H9EQ986;
				INFOPLIST_FILE = YBHandyListDemoTests/Info.plist;
				LD_RUNPATH_SEARCH_PATHS = (
					"$(inherited)",
					"@executable_path/Frameworks",
					"@loader_path/Frameworks",
				);
				PRODUCT_BUNDLE_IDENTIFIER = yangbo.YBHandyListDemoTests;
				PRODUCT_NAME = "$(TARGET_NAME)";
				TARGETED_DEVICE_FAMILY = "1,2";
				TEST_HOST = "$(BUILT_PRODUCTS_DIR)/YBHandyListDemo.app/YBHandyListDemo";
			};
			name = Release;
		};
		235A7C3522B8732A00159B0F /* Debug */ = {
			isa = XCBuildConfiguration;
			buildSettings = {
				CODE_SIGN_STYLE = Automatic;
				DEVELOPMENT_TEAM = UU8H9EQ986;
				INFOPLIST_FILE = YBHandyListDemoUITests/Info.plist;
				LD_RUNPATH_SEARCH_PATHS = (
					"$(inherited)",
					"@executable_path/Frameworks",
					"@loader_path/Frameworks",
				);
				PRODUCT_BUNDLE_IDENTIFIER = yangbo.YBHandyListDemoUITests;
				PRODUCT_NAME = "$(TARGET_NAME)";
				TARGETED_DEVICE_FAMILY = "1,2";
				TEST_TARGET_NAME = YBHandyListDemo;
			};
			name = Debug;
		};
		235A7C3622B8732A00159B0F /* Release */ = {
			isa = XCBuildConfiguration;
			buildSettings = {
				CODE_SIGN_STYLE = Automatic;
				DEVELOPMENT_TEAM = UU8H9EQ986;
				INFOPLIST_FILE = YBHandyListDemoUITests/Info.plist;
				LD_RUNPATH_SEARCH_PATHS = (
					"$(inherited)",
					"@executable_path/Frameworks",
					"@loader_path/Frameworks",
				);
				PRODUCT_BUNDLE_IDENTIFIER = yangbo.YBHandyListDemoUITests;
				PRODUCT_NAME = "$(TARGET_NAME)";
				TARGETED_DEVICE_FAMILY = "1,2";
				TEST_TARGET_NAME = YBHandyListDemo;
			};
			name = Release;
		};
/* End XCBuildConfiguration section */

/* Begin XCConfigurationList section */
		235A7BFD22B8732900159B0F /* Build configuration list for PBXProject "YBHandyListDemo" */ = {
			isa = XCConfigurationList;
			buildConfigurations = (
				235A7C2C22B8732A00159B0F /* Debug */,
				235A7C2D22B8732A00159B0F /* Release */,
			);
			defaultConfigurationIsVisible = 0;
			defaultConfigurationName = Release;
		};
		235A7C2E22B8732A00159B0F /* Build configuration list for PBXNativeTarget "YBHandyListDemo" */ = {
			isa = XCConfigurationList;
			buildConfigurations = (
				235A7C2F22B8732A00159B0F /* Debug */,
				235A7C3022B8732A00159B0F /* Release */,
			);
			defaultConfigurationIsVisible = 0;
			defaultConfigurationName = Release;
		};
		235A7C3122B8732A00159B0F /* Build configuration list for PBXNativeTarget "YBHandyListDemoTests" */ = {
			isa = XCConfigurationList;
			buildConfigurations = (
				235A7C3222B8732A00159B0F /* Debug */,
				235A7C3322B8732A00159B0F /* Release */,
			);
			defaultConfigurationIsVisible = 0;
			defaultConfigurationName = Release;
		};
		235A7C3422B8732A00159B0F /* Build configuration list for PBXNativeTarget "YBHandyListDemoUITests" */ = {
			isa = XCConfigurationList;
			buildConfigurations = (
				235A7C3522B8732A00159B0F /* Debug */,
				235A7C3622B8732A00159B0F /* Release */,
			);
			defaultConfigurationIsVisible = 0;
			defaultConfigurationName = Release;
		};
/* End XCConfigurationList section */
	};
	rootObject = 235A7BFA22B8732900159B0F /* Project object */;
}
